
Microsoft Visual Studio Solution File, Format Version 12.00
# Visual Studio Version 16
VisualStudioVersion = 16.0.30114.105
MinimumVisualStudioVersion = 10.0.40219.1
Project("{FAE04EC0-301F-11D3-BF4B-00C04F79EFBC}") = "ServiceLocator.App", "ServiceLocator.App\ServiceLocator.App.csproj", "{DD095C39-5133-416A-AB53-16B86081D295}"
EndProject
Project("{FAE04EC0-301F-11D3-BF4B-00C04F79EFBC}") = "ServiceLocator.Manager", "ServiceLocator.Manager\ServiceLocator.Manager.csproj", "{A75A1ADA-6743-403A-9A49-C84B456911A4}"
EndProject
Project("{FAE04EC0-301F-11D3-BF4B-00C04F79EFBC}") = "ServiceLocator.Abstractions", "ServiceLocator.Abstractions\ServiceLocator.Abstractions.csproj", "{B04B764A-4F57-40C4-892B-1BA8E2324C4E}"
EndProject
Global
	GlobalSection(SolutionConfigurationPlatforms) = preSolution
		Debug|Any CPU = Debug|Any CPU
		Release|Any CPU = Release|Any CPU
	EndGlobalSection
	GlobalSection(ProjectConfigurationPlatforms) = postSolution
		{DD095C39-5133-416A-AB53-16B86081D295}.Debug|Any CPU.ActiveCfg = Debug|Any CPU
		{DD095C39-5133-416A-AB53-16B86081D295}.Debug|Any CPU.Build.0 = Debug|Any CPU
		{DD095C39-5133-416A-AB53-16B86081D295}.Release|Any CPU.ActiveCfg = Release|Any CPU
		{DD095C39-5133-416A-AB53-16B86081D295}.Release|Any CPU.Build.0 = Release|Any CPU
		{A75A1ADA-6743-403A-9A49-C84B456911A4}.Debug|Any CPU.ActiveCfg = Debug|Any CPU
		{A75A1ADA-6743-403A-9A49-C84B456911A4}.Debug|Any CPU.Build.0 = Debug|Any CPU
		{A75A1ADA-6743-403A-9A49-C84B456911A4}.Release|Any CPU.ActiveCfg = Release|Any CPU
		{A75A1ADA-6743-403A-9A49-C84B456911A4}.Release|Any CPU.Build.0 = Release|Any CPU
		{B04B764A-4F57-40C4-892B-1BA8E2324C4E}.Debug|Any CPU.ActiveCfg = Debug|Any CPU
		{B04B764A-4F57-40C4-892B-1BA8E2324C4E}.Debug|Any CPU.Build.0 = Debug|Any CPU
		{B04B764A-4F57-40C4-892B-1BA8E2324C4E}.Release|Any CPU.ActiveCfg = Release|Any CPU
		{B04B764A-4F57-40C4-892B-1BA8E2324C4E}.Release|Any CPU.Build.0 = Release|Any CPU
	EndGlobalSection
	GlobalSection(SolutionProperties) = preSolution
		HideSolutionNode = FALSE
	EndGlobalSection
	GlobalSection(ExtensibilityGlobals) = postSolution
		SolutionGuid = {BAC7C322-8991-4EA5-9CC9-DFF7AE6B426F}
	EndGlobalSection
EndGlobal
